
Microsoft Visual Studio Solution File, Format Version 12.00
# Visual Studio Version 17
VisualStudioVersion = 17.4.33006.217
MinimumVisualStudioVersion = 10.0.40219.1
Project("{2150E333-8FDC-42A3-9474-1A3956D46DE8}") = "checkout-example", "checkout-example", "{F4D45A25-83A9-442B-9822-6B112EEBA4D9}"
EndProject
Project("{2150E333-8FDC-42A3-9474-1A3956D46DE8}") = "subscription-example", "subscription-example", "{F5BCB6E3-8846-461B-BD95-384B14BC7791}"
EndProject
Project("{9A19103F-16F7-4668-BE54-9A1E7A4F7556}") = "adyen-dotnet-checkout-example", "checkout-example\adyen-dotnet-checkout-example.csproj", "{E0B23B2B-C820-4264-9F64-87E077D1762A}"
EndProject
Project("{9A19103F-16F7-4668-BE54-9A1E7A4F7556}") = "adyen-dotnet-subscription-example", "subscription-example\adyen-dotnet-subscription-example.csproj", "{15143C43-B718-40D9-A8E5-DA7E247BBEE7}"
EndProject
Project("{2150E333-8FDC-42A3-9474-1A3956D46DE8}") = "giftcard-example", "giftcard-example", "{24558B77-0E04-4D15-90BC-05A57FCB5FE5}"
EndProject
Project("{9A19103F-16F7-4668-BE54-9A1E7A4F7556}") = "adyen-dotnet-giftcard-example", "giftcard-example\adyen-dotnet-giftcard-example.csproj", "{3972652A-783F-4114-B1C5-27BF754F2BA4}"
EndProject
Project("{2150E333-8FDC-42A3-9474-1A3956D46DE8}") = "paybylink-example", "paybylink-example", "{F3A61AF3-5126-417B-9AB2-A0F99B119325}"
EndProject
Project("{9A19103F-16F7-4668-BE54-9A1E7A4F7556}") = "adyen-dotnet-paybylink-example", "paybylink-example\adyen-dotnet-paybylink-example.csproj", "{A4303B5C-301E-432F-B8AC-571096DF5273}"
EndProject
Project("{2150E333-8FDC-42A3-9474-1A3956D46DE8}") = "checkout-example-advanced", "checkout-example-advanced", "{B2582A34-631C-4130-B35D-838FA98297EA}"
EndProject
Project("{9A19103F-16F7-4668-BE54-9A1E7A4F7556}") = "adyen-dotnet-checkout-example-advanced", "checkout-example-advanced\adyen-dotnet-checkout-example-advanced.csproj", "{26D67844-2033-4C06-A55A-5B50CFDEB0BC}"
EndProject
Project("{2150E333-8FDC-42A3-9474-1A3956D46DE8}") = "authorisation-adjustment-example", "authorisation-adjustment-example", "{61BDBE25-C448-4640-A4C7-E6744FA2D44F}"
EndProject
Project("{9A19103F-16F7-4668-BE54-9A1E7A4F7556}") = "adyen-dotnet-authorisation-adjustment-example", "authorisation-adjustment-example\adyen-dotnet-authorisation-adjustment-example.csproj", "{EC4006F7-EC06-4DBC-A9F7-2273AE677AC2}"
EndProject
Project("{2150E333-8FDC-42A3-9474-1A3956D46DE8}") = "giving-example", "giving-example", "{1552682B-E1EA-4324-9564-B9683056ACDB}"
EndProject
Project("{9A19103F-16F7-4668-BE54-9A1E7A4F7556}") = "adyen-dotnet-giving-example", "giving-example\adyen-dotnet-giving-example.csproj", "{10B87E36-1604-4129-93F5-EAB4009D220B}"
EndProject
Global
	GlobalSection(SolutionConfigurationPlatforms) = preSolution
		Debug|Any CPU = Debug|Any CPU
		Release|Any CPU = Release|Any CPU
	EndGlobalSection
	GlobalSection(ProjectConfigurationPlatforms) = postSolution
		{E0B23B2B-C820-4264-9F64-87E077D1762A}.Debug|Any CPU.ActiveCfg = Debug|Any CPU
		{E0B23B2B-C820-4264-9F64-87E077D1762A}.Debug|Any CPU.Build.0 = Debug|Any CPU
		{E0B23B2B-C820-4264-9F64-87E077D1762A}.Release|Any CPU.ActiveCfg = Release|Any CPU
		{E0B23B2B-C820-4264-9F64-87E077D1762A}.Release|Any CPU.Build.0 = Release|Any CPU
		{15143C43-B718-40D9-A8E5-DA7E247BBEE7}.Debug|Any CPU.ActiveCfg = Debug|Any CPU
		{15143C43-B718-40D9-A8E5-DA7E247BBEE7}.Debug|Any CPU.Build.0 = Debug|Any CPU
		{15143C43-B718-40D9-A8E5-DA7E247BBEE7}.Release|Any CPU.ActiveCfg = Release|Any CPU
		{15143C43-B718-40D9-A8E5-DA7E247BBEE7}.Release|Any CPU.Build.0 = Release|Any CPU
		{3972652A-783F-4114-B1C5-27BF754F2BA4}.Debug|Any CPU.ActiveCfg = Debug|Any CPU
		{3972652A-783F-4114-B1C5-27BF754F2BA4}.Debug|Any CPU.Build.0 = Debug|Any CPU
		{3972652A-783F-4114-B1C5-27BF754F2BA4}.Release|Any CPU.ActiveCfg = Release|Any CPU
		{3972652A-783F-4114-B1C5-27BF754F2BA4}.Release|Any CPU.Build.0 = Release|Any CPU
		{A4303B5C-301E-432F-B8AC-571096DF5273}.Debug|Any CPU.ActiveCfg = Debug|Any CPU
		{A4303B5C-301E-432F-B8AC-571096DF5273}.Debug|Any CPU.Build.0 = Debug|Any CPU
		{A4303B5C-301E-432F-B8AC-571096DF5273}.Release|Any CPU.ActiveCfg = Release|Any CPU
		{A4303B5C-301E-432F-B8AC-571096DF5273}.Release|Any CPU.Build.0 = Release|Any CPU
		{26D67844-2033-4C06-A55A-5B50CFDEB0BC}.Debug|Any CPU.ActiveCfg = Debug|Any CPU
		{26D67844-2033-4C06-A55A-5B50CFDEB0BC}.Debug|Any CPU.Build.0 = Debug|Any CPU
		{26D67844-2033-4C06-A55A-5B50CFDEB0BC}.Release|Any CPU.ActiveCfg = Release|Any CPU
		{26D67844-2033-4C06-A55A-5B50CFDEB0BC}.Release|Any CPU.Build.0 = Release|Any CPU
		{EC4006F7-EC06-4DBC-A9F7-2273AE677AC2}.Debug|Any CPU.ActiveCfg = Debug|Any CPU
		{EC4006F7-EC06-4DBC-A9F7-2273AE677AC2}.Debug|Any CPU.Build.0 = Debug|Any CPU
		{EC4006F7-EC06-4DBC-A9F7-2273AE677AC2}.Release|Any CPU.ActiveCfg = Release|Any CPU
		{EC4006F7-EC06-4DBC-A9F7-2273AE677AC2}.Release|Any CPU.Build.0 = Release|Any CPU
		{10B87E36-1604-4129-93F5-EAB4009D220B}.Debug|Any CPU.ActiveCfg = Debug|Any CPU
		{10B87E36-1604-4129-93F5-EAB4009D220B}.Debug|Any CPU.Build.0 = Debug|Any CPU
		{10B87E36-1604-4129-93F5-EAB4009D220B}.Release|Any CPU.ActiveCfg = Release|Any CPU
		{10B87E36-1604-4129-93F5-EAB4009D220B}.Release|Any CPU.Build.0 = Release|Any CPU
	EndGlobalSection
	GlobalSection(SolutionProperties) = preSolution
		HideSolutionNode = FALSE
	EndGlobalSection
	GlobalSection(NestedProjects) = preSolution
		{E0B23B2B-C820-4264-9F64-87E077D1762A} = {F4D45A25-83A9-442B-9822-6B112EEBA4D9}
		{15143C43-B718-40D9-A8E5-DA7E247BBEE7} = {F5BCB6E3-8846-461B-BD95-384B14BC7791}
		{3972652A-783F-4114-B1C5-27BF754F2BA4} = {24558B77-0E04-4D15-90BC-05A57FCB5FE5}
		{A4303B5C-301E-432F-B8AC-571096DF5273} = {F3A61AF3-5126-417B-9AB2-A0F99B119325}
		{26D67844-2033-4C06-A55A-5B50CFDEB0BC} = {B2582A34-631C-4130-B35D-838FA98297EA}
		{EC4006F7-EC06-4DBC-A9F7-2273AE677AC2} = {61BDBE25-C448-4640-A4C7-E6744FA2D44F}
		{10B87E36-1604-4129-93F5-EAB4009D220B} = {1552682B-E1EA-4324-9564-B9683056ACDB}
	EndGlobalSection
	GlobalSection(ExtensibilityGlobals) = postSolution
		SolutionGuid = {777409BD-281D-419E-9F9B-BE609D4B6971}
	EndGlobalSection
EndGlobal
