
Microsoft Visual Studio Solution File, Format Version 12.00
# Visual Studio Version 17
VisualStudioVersion = 17.2.32519.379
MinimumVisualStudioVersion = 10.0.40219.1
Project("{9A19103F-16F7-4668-BE54-9A1E7A4F7556}") = "adyen-dotnet-online-payments", "adyen-dotnet-online-payments.csproj", "{D10A761D-1BE6-4CEA-91CA-EC355C55341A}"
EndProject
Project("{2150E333-8FDC-42A3-9474-1A3956D46DE8}") = "Solution Items", "Solution Items", "{E29B0EF6-C330-4765-9A63-08EF0B731BA7}"
	ProjectSection(SolutionItems) = preProject
		.github\workflows\build.yml = .github\workflows\build.yml
		.github\workflows\e2e.yml = .github\workflows\e2e.yml
	EndProjectSection
EndProject
Global
	GlobalSection(SolutionConfigurationPlatforms) = preSolution
		Debug|Any CPU = Debug|Any CPU
		Release|Any CPU = Release|Any CPU
	EndGlobalSection
	GlobalSection(ProjectConfigurationPlatforms) = postSolution
		{D10A761D-1BE6-4CEA-91CA-EC355C55341A}.Debug|Any CPU.ActiveCfg = Debug|Any CPU
		{D10A761D-1BE6-4CEA-91CA-EC355C55341A}.Debug|Any CPU.Build.0 = Debug|Any CPU
		{D10A761D-1BE6-4CEA-91CA-EC355C55341A}.Release|Any CPU.ActiveCfg = Release|Any CPU
		{D10A761D-1BE6-4CEA-91CA-EC355C55341A}.Release|Any CPU.Build.0 = Release|Any CPU
	EndGlobalSection
	GlobalSection(SolutionProperties) = preSolution
		HideSolutionNode = FALSE
	EndGlobalSection
	GlobalSection(ExtensibilityGlobals) = postSolution
		SolutionGuid = {CD48B9E0-EC95-4599-8536-F949ACDA5164}
	EndGlobalSection
EndGlobal
